{
  "lib/create-util": {
    "branch": {
      "name": "main",
      "rev": "825b8f5b121a7f664f76d0466b77237bb9fffd39"
    }
  },
  "lib/erc4626-tests": {
    "branch": {
      "name": "main",
      "rev": "ac485460e014f22807c1ff687e0b4dc3af96ee40"
    }
  },
  "lib/forge-std": {
    "branch": {
      "name": "master",
      "rev": "bee11e72a6764a40ec9272635d5bb46744be352d"
    }
  },
  "lib/halmos-cheatcodes": {
    "branch": {
      "name": "main",
      "rev": "6da4e692c357ba6d641a2e677a28298cac9f76ab"
    }
  },
  "lib/murky": {
    "branch": {
      "name": "main",
      "rev": "991e371eb1dfa9f86701869eb08ec4e98c3cc0b0"
    }
  },
  "lib/openzeppelin-contracts": {
    "branch": {
      "name": "master",
      "rev": "239795bea728c8dca4deb6c66856dd58a6991112"
    }
  },
  "lib/prb-test": {
    "branch": {
      "name": "main",
      "rev": "cd07166bdd12c7c4a899cb53951653b53939a644"
    }
  },
  "lib/properties": {
    "branch": {
      "name": "main",
      "rev": "5ea14b813ff296e24b4257ab52a0402360f916f6"
    }
  },
  "lib/solady": {
    "branch": {
      "name": "main",
      "rev": "90db92ce173856605d24a554969f2c67cadbc7e9"
    }
  },
  "lib/solidity-bytes-utils": {
    "branch": {
      "name": "master",
      "rev": "fc502455bb2a7e26a743378df042612dd50d1eb9"
    }
  },
  "lib/solmate": {
    "branch": {
      "name": "main",
      "rev": "89365b880c4f3c786bdd453d4b8e8fe410344a69"
    }
  }
}