{
  "lib/create-util": {
    "branch": {
      "name": "main",
      "rev": "b790405161a19da56f81ec43f60c6c778cd616e5"
    }
  },
  "lib/erc4626-tests": {
    "branch": {
      "name": "main",
      "rev": "ac485460e014f22807c1ff687e0b4dc3af96ee40"
    }
  },
  "lib/forge-std": {
    "branch": {
      "name": "master",
      "rev": "0844d7e1fc5e60d77b68e469bff60265f236c398"
    }
  },
  "lib/halmos-cheatcodes": {
    "branch": {
      "name": "main",
      "rev": "6da4e692c357ba6d641a2e677a28298cac9f76ab"
    }
  },
  "lib/murky": {
    "branch": {
      "name": "main",
      "rev": "991e371eb1dfa9f86701869eb08ec4e98c3cc0b0"
    }
  },
  "lib/openzeppelin-contracts": {
    "branch": {
      "name": "master",
      "rev": "8ff78ffb6e78463f070eab59487b4ba30481b53c"
    }
  },
  "lib/prb-test": {
    "branch": {
      "name": "main",
      "rev": "cd07166bdd12c7c4a899cb53951653b53939a644"
    }
  },
  "lib/properties": {
    "branch": {
      "name": "main",
      "rev": "5ea14b813ff296e24b4257ab52a0402360f916f6"
    }
  },
  "lib/solady": {
    "branch": {
      "name": "main",
      "rev": "90db92ce173856605d24a554969f2c67cadbc7e9"
    }
  },
  "lib/solidity-bytes-utils": {
    "branch": {
      "name": "master",
      "rev": "fc502455bb2a7e26a743378df042612dd50d1eb9"
    }
  },
  "lib/solmate": {
    "branch": {
      "name": "main",
      "rev": "89365b880c4f3c786bdd453d4b8e8fe410344a69"
    }
  }
}