{
  "lib/create-util": {
    "branch": {
      "name": "main",
      "rev": "4d3d970a533e290882f2db6f7a6bca223a98ce9e"
    }
  },
  "lib/erc4626-tests": {
    "branch": {
      "name": "main",
      "rev": "ac485460e014f22807c1ff687e0b4dc3af96ee40"
    }
  },
  "lib/forge-std": {
    "branch": {
      "name": "master",
      "rev": "26048ab55c64519ce21e032fdb49df1d5a2a7eb4"
    }
  },
  "lib/halmos-cheatcodes": {
    "branch": {
      "name": "main",
      "rev": "6da4e692c357ba6d641a2e677a28298cac9f76ab"
    }
  },
  "lib/murky": {
    "branch": {
      "name": "main",
      "rev": "991e371eb1dfa9f86701869eb08ec4e98c3cc0b0"
    }
  },
  "lib/openzeppelin-contracts": {
    "branch": {
      "name": "master",
      "rev": "001169b1d1e06da861a646afab0cd356bd190882"
    }
  },
  "lib/prb-test": {
    "branch": {
      "name": "main",
      "rev": "cd07166bdd12c7c4a899cb53951653b53939a644"
    }
  },
  "lib/properties": {
    "branch": {
      "name": "main",
      "rev": "5ea14b813ff296e24b4257ab52a0402360f916f6"
    }
  },
  "lib/solady": {
    "branch": {
      "name": "main",
      "rev": "cbcfe0009477aa329574f17e8db0a05703bb8bdd"
    }
  },
  "lib/solidity-bytes-utils": {
    "branch": {
      "name": "master",
      "rev": "fc502455bb2a7e26a743378df042612dd50d1eb9"
    }
  },
  "lib/solmate": {
    "branch": {
      "name": "main",
      "rev": "89365b880c4f3c786bdd453d4b8e8fe410344a69"
    }
  }
}